// !$*UTF8*$!
{
	archiveVersion = 1;
	classes = {
	};
	objectVersion = 51;
	objects = {

/* Begin PBXBuildFile section */
		22171AB65E29D5C377F229F4 /* Pods_ios_pocTests.framework in Frameworks */ = {isa = PBXBuildFile; fileRef = 2CD0B0BD729DCC0D9F11B92C /* Pods_ios_pocTests.framework */; };
		5845FA0C3C4B6E015E86C2D6 /* Pods_ios_poc.framework in Frameworks */ = {isa = PBXBuildFile; fileRef = 4120FDFC43BAD9DBCBC99542 /* Pods_ios_poc.framework */; };
		772D7D832440781700B6D611 /* CountryInfoRouter.swift in Sources */ = {isa = PBXBuildFile; fileRef = 772D7D822440781700B6D611 /* CountryInfoRouter.swift */; };
		772D7D862440790C00B6D611 /* CountryInfoPresenter.swift in Sources */ = {isa = PBXBuildFile; fileRef = 772D7D852440790C00B6D611 /* CountryInfoPresenter.swift */; };
		772D7D8B24407A1D00B6D611 /* CountryInfoInteractor.swift in Sources */ = {isa = PBXBuildFile; fileRef = 772D7D8A24407A1D00B6D611 /* CountryInfoInteractor.swift */; };
		7753D011243C6BEF000CF5E4 /* MockCustomTableViewCell.swift in Sources */ = {isa = PBXBuildFile; fileRef = 7753D010243C6BEF000CF5E4 /* MockCustomTableViewCell.swift */; };
		7753D013243C6CF7000CF5E4 /* CustomTableViewCellTests.swift in Sources */ = {isa = PBXBuildFile; fileRef = 7753D012243C6CF7000CF5E4 /* CustomTableViewCellTests.swift */; };
		7754AEAA243BE5B900C56B11 /* CustomTableViewCell.swift in Sources */ = {isa = PBXBuildFile; fileRef = 7754AEA9243BE5B900C56B11 /* CustomTableViewCell.swift */; };
		7754AEAE243BE83100C56B11 /* CountryInfoItem.swift in Sources */ = {isa = PBXBuildFile; fileRef = 7754AEAD243BE83100C56B11 /* CountryInfoItem.swift */; };
		7754AEB2243BFEDE00C56B11 /* DataProvider.swift in Sources */ = {isa = PBXBuildFile; fileRef = 7754AEB1243BFEDE00C56B11 /* DataProvider.swift */; };
		7754AEB4243C005A00C56B11 /* APIDataProvider.swift in Sources */ = {isa = PBXBuildFile; fileRef = 7754AEB3243C005A00C56B11 /* APIDataProvider.swift */; };
		7754AEB6243C008A00C56B11 /* CountryInfoModel.swift in Sources */ = {isa = PBXBuildFile; fileRef = 7754AEB5243C008A00C56B11 /* CountryInfoModel.swift */; };
		77C079C02441BAE000AB4009 /* MockPresenter.swift in Sources */ = {isa = PBXBuildFile; fileRef = 77C079BF2441BAE000AB4009 /* MockPresenter.swift */; };
		77C079C224430D1700AB4009 /* CountryInfoInteractorTests.swift in Sources */ = {isa = PBXBuildFile; fileRef = 77C079C124430D1700AB4009 /* CountryInfoInteractorTests.swift */; };
		77E06B13243C14D500505CC6 /* APIError.swift in Sources */ = {isa = PBXBuildFile; fileRef = 77E06B12243C14D500505CC6 /* APIError.swift */; };
		77E06B15243C590900505CC6 /* CountryInfoViewControllerTests.swift in Sources */ = {isa = PBXBuildFile; fileRef = 77E06B14243C590900505CC6 /* CountryInfoViewControllerTests.swift */; };
		77E06B18243C59D100505CC6 /* MockDataProvider.swift in Sources */ = {isa = PBXBuildFile; fileRef = 77E06B17243C59D100505CC6 /* MockDataProvider.swift */; };
		77E06B1C243C616300505CC6 /* MockCountryInfoViewController.swift in Sources */ = {isa = PBXBuildFile; fileRef = 77E06B1B243C616300505CC6 /* MockCountryInfoViewController.swift */; };
		77EA52E2243B642E0075467B /* AppDelegate.swift in Sources */ = {isa = PBXBuildFile; fileRef = 77EA52E1243B642E0075467B /* AppDelegate.swift */; };
		77EA52EB243B64300075467B /* Assets.xcassets in Resources */ = {isa = PBXBuildFile; fileRef = 77EA52EA243B64300075467B /* Assets.xcassets */; };
		77EA52EE243B64300075467B /* LaunchScreen.storyboard in Resources */ = {isa = PBXBuildFile; fileRef = 77EA52EC243B64300075467B /* LaunchScreen.storyboard */; };
		77EA5305243B677A0075467B /* CountryInfoViewController.swift in Sources */ = {isa = PBXBuildFile; fileRef = 77EA5304243B677A0075467B /* CountryInfoViewController.swift */; };
/* End PBXBuildFile section */

/* Begin PBXContainerItemProxy section */
		77EA52F5243B64300075467B /* PBXContainerItemProxy */ = {
			isa = PBXContainerItemProxy;
			containerPortal = 77EA52D6243B642E0075467B /* Project object */;
			proxyType = 1;
			remoteGlobalIDString = 77EA52DD243B642E0075467B;
			remoteInfo = "ios-poc";
		};
/* End PBXContainerItemProxy section */

/* Begin PBXFileReference section */
		2CD0B0BD729DCC0D9F11B92C /* Pods_ios_pocTests.framework */ = {isa = PBXFileReference; explicitFileType = wrapper.framework; includeInIndex = 0; path = Pods_ios_pocTests.framework; sourceTree = BUILT_PRODUCTS_DIR; };
		4120FDFC43BAD9DBCBC99542 /* Pods_ios_poc.framework */ = {isa = PBXFileReference; explicitFileType = wrapper.framework; includeInIndex = 0; path = Pods_ios_poc.framework; sourceTree = BUILT_PRODUCTS_DIR; };
		4EA6E8CEDD7D36C29F361232 /* Pods-ios-pocTests.release.xcconfig */ = {isa = PBXFileReference; includeInIndex = 1; lastKnownFileType = text.xcconfig; name = "Pods-ios-pocTests.release.xcconfig"; path = "Target Support Files/Pods-ios-pocTests/Pods-ios-pocTests.release.xcconfig"; sourceTree = "<group>"; };
		772D7D822440781700B6D611 /* CountryInfoRouter.swift */ = {isa = PBXFileReference; lastKnownFileType = sourcecode.swift; path = CountryInfoRouter.swift; sourceTree = "<group>"; };
		772D7D852440790C00B6D611 /* CountryInfoPresenter.swift */ = {isa = PBXFileReference; lastKnownFileType = sourcecode.swift; path = CountryInfoPresenter.swift; sourceTree = "<group>"; };
		772D7D8A24407A1D00B6D611 /* CountryInfoInteractor.swift */ = {isa = PBXFileReference; lastKnownFileType = sourcecode.swift; path = CountryInfoInteractor.swift; sourceTree = "<group>"; };
		7753D010243C6BEF000CF5E4 /* MockCustomTableViewCell.swift */ = {isa = PBXFileReference; lastKnownFileType = sourcecode.swift; path = MockCustomTableViewCell.swift; sourceTree = "<group>"; };
		7753D012243C6CF7000CF5E4 /* CustomTableViewCellTests.swift */ = {isa = PBXFileReference; lastKnownFileType = sourcecode.swift; path = CustomTableViewCellTests.swift; sourceTree = "<group>"; };
		7754AEA9243BE5B900C56B11 /* CustomTableViewCell.swift */ = {isa = PBXFileReference; lastKnownFileType = sourcecode.swift; path = CustomTableViewCell.swift; sourceTree = "<group>"; };
		7754AEAD243BE83100C56B11 /* CountryInfoItem.swift */ = {isa = PBXFileReference; lastKnownFileType = sourcecode.swift; path = CountryInfoItem.swift; sourceTree = "<group>"; };
		7754AEB1243BFEDE00C56B11 /* DataProvider.swift */ = {isa = PBXFileReference; lastKnownFileType = sourcecode.swift; path = DataProvider.swift; sourceTree = "<group>"; };
		7754AEB3243C005A00C56B11 /* APIDataProvider.swift */ = {isa = PBXFileReference; lastKnownFileType = sourcecode.swift; path = APIDataProvider.swift; sourceTree = "<group>"; };
		7754AEB5243C008A00C56B11 /* CountryInfoModel.swift */ = {isa = PBXFileReference; lastKnownFileType = sourcecode.swift; path = CountryInfoModel.swift; sourceTree = "<group>"; };
		77C079BF2441BAE000AB4009 /* MockPresenter.swift */ = {isa = PBXFileReference; lastKnownFileType = sourcecode.swift; path = MockPresenter.swift; sourceTree = "<group>"; };
		77C079C124430D1700AB4009 /* CountryInfoInteractorTests.swift */ = {isa = PBXFileReference; lastKnownFileType = sourcecode.swift; path = CountryInfoInteractorTests.swift; sourceTree = "<group>"; };
		77E06B12243C14D500505CC6 /* APIError.swift */ = {isa = PBXFileReference; lastKnownFileType = sourcecode.swift; path = APIError.swift; sourceTree = "<group>"; };
		77E06B14243C590900505CC6 /* CountryInfoViewControllerTests.swift */ = {isa = PBXFileReference; lastKnownFileType = sourcecode.swift; path = CountryInfoViewControllerTests.swift; sourceTree = "<group>"; };
		77E06B17243C59D100505CC6 /* MockDataProvider.swift */ = {isa = PBXFileReference; lastKnownFileType = sourcecode.swift; path = MockDataProvider.swift; sourceTree = "<group>"; };
		77E06B1B243C616300505CC6 /* MockCountryInfoViewController.swift */ = {isa = PBXFileReference; lastKnownFileType = sourcecode.swift; path = MockCountryInfoViewController.swift; sourceTree = "<group>"; };
		77EA52DE243B642E0075467B /* iOS PoC.app */ = {isa = PBXFileReference; explicitFileType = wrapper.application; includeInIndex = 0; path = "iOS PoC.app"; sourceTree = BUILT_PRODUCTS_DIR; };
		77EA52E1243B642E0075467B /* AppDelegate.swift */ = {isa = PBXFileReference; lastKnownFileType = sourcecode.swift; path = AppDelegate.swift; sourceTree = "<group>"; };
		77EA52EA243B64300075467B /* Assets.xcassets */ = {isa = PBXFileReference; lastKnownFileType = folder.assetcatalog; path = Assets.xcassets; sourceTree = "<group>"; };
		77EA52ED243B64300075467B /* Base */ = {isa = PBXFileReference; lastKnownFileType = file.storyboard; name = Base; path = Base.lproj/LaunchScreen.storyboard; sourceTree = "<group>"; };
		77EA52EF243B64300075467B /* Info.plist */ = {isa = PBXFileReference; lastKnownFileType = text.plist.xml; path = Info.plist; sourceTree = "<group>"; };
		77EA52F4243B64300075467B /* ios-pocTests.xctest */ = {isa = PBXFileReference; explicitFileType = wrapper.cfbundle; includeInIndex = 0; path = "ios-pocTests.xctest"; sourceTree = BUILT_PRODUCTS_DIR; };
		77EA52FA243B64300075467B /* Info.plist */ = {isa = PBXFileReference; lastKnownFileType = text.plist.xml; path = Info.plist; sourceTree = "<group>"; };
		77EA5304243B677A0075467B /* CountryInfoViewController.swift */ = {isa = PBXFileReference; lastKnownFileType = sourcecode.swift; path = CountryInfoViewController.swift; sourceTree = "<group>"; };
		8DE99063385130D2A5F3BA2B /* Pods-ios-pocTests.debug.xcconfig */ = {isa = PBXFileReference; includeInIndex = 1; lastKnownFileType = text.xcconfig; name = "Pods-ios-pocTests.debug.xcconfig"; path = "Target Support Files/Pods-ios-pocTests/Pods-ios-pocTests.debug.xcconfig"; sourceTree = "<group>"; };
		AD957439372F050836ACDB74 /* Pods-ios-poc.release.xcconfig */ = {isa = PBXFileReference; includeInIndex = 1; lastKnownFileType = text.xcconfig; name = "Pods-ios-poc.release.xcconfig"; path = "Target Support Files/Pods-ios-poc/Pods-ios-poc.release.xcconfig"; sourceTree = "<group>"; };
		F341E59A98CDE714436B3A62 /* Pods-ios-poc.debug.xcconfig */ = {isa = PBXFileReference; includeInIndex = 1; lastKnownFileType = text.xcconfig; name = "Pods-ios-poc.debug.xcconfig"; path = "Target Support Files/Pods-ios-poc/Pods-ios-poc.debug.xcconfig"; sourceTree = "<group>"; };
/* End PBXFileReference section */

/* Begin PBXFrameworksBuildPhase section */
		77EA52DB243B642E0075467B /* Frameworks */ = {
			isa = PBXFrameworksBuildPhase;
			buildActionMask = 2147483647;
			files = (
				5845FA0C3C4B6E015E86C2D6 /* Pods_ios_poc.framework in Frameworks */,
			);
			runOnlyForDeploymentPostprocessing = 0;
		};
		77EA52F1243B64300075467B /* Frameworks */ = {
			isa = PBXFrameworksBuildPhase;
			buildActionMask = 2147483647;
			files = (
				22171AB65E29D5C377F229F4 /* Pods_ios_pocTests.framework in Frameworks */,
			);
			runOnlyForDeploymentPostprocessing = 0;
		};
/* End PBXFrameworksBuildPhase section */

/* Begin PBXGroup section */
		5F4F6F66717AD624F5B040E9 /* Frameworks */ = {
			isa = PBXGroup;
			children = (
				4120FDFC43BAD9DBCBC99542 /* Pods_ios_poc.framework */,
				2CD0B0BD729DCC0D9F11B92C /* Pods_ios_pocTests.framework */,
			);
			name = Frameworks;
			sourceTree = "<group>";
		};
		772D7D812440780500B6D611 /* Router */ = {
			isa = PBXGroup;
			children = (
				772D7D822440781700B6D611 /* CountryInfoRouter.swift */,
			);
			path = Router;
			sourceTree = "<group>";
		};
		772D7D842440790100B6D611 /* Presenter */ = {
			isa = PBXGroup;
			children = (
				772D7D852440790C00B6D611 /* CountryInfoPresenter.swift */,
			);
			path = Presenter;
			sourceTree = "<group>";
		};
		772D7D8924407A0D00B6D611 /* Interactor */ = {
			isa = PBXGroup;
			children = (
				772D7D8A24407A1D00B6D611 /* CountryInfoInteractor.swift */,
			);
			path = Interactor;
			sourceTree = "<group>";
		};
		7753D00F243C6BDF000CF5E4 /* Components */ = {
			isa = PBXGroup;
			children = (
				7753D010243C6BEF000CF5E4 /* MockCustomTableViewCell.swift */,
			);
			path = Components;
			sourceTree = "<group>";
		};
		7754AEA8243BE56E00C56B11 /* Components */ = {
			isa = PBXGroup;
			children = (
				7754AEA9243BE5B900C56B11 /* CustomTableViewCell.swift */,
			);
			path = Components;
			sourceTree = "<group>";
		};
		7754AEAB243BE80300C56B11 /* Network */ = {
			isa = PBXGroup;
			children = (
				7754AEB1243BFEDE00C56B11 /* DataProvider.swift */,
				7754AEB3243C005A00C56B11 /* APIDataProvider.swift */,
				77E06B12243C14D500505CC6 /* APIError.swift */,
			);
			path = Network;
			sourceTree = "<group>";
		};
		77C079BA24407FA400AB4009 /* Entity */ = {
			isa = PBXGroup;
			children = (
				7754AEAD243BE83100C56B11 /* CountryInfoItem.swift */,
				7754AEB5243C008A00C56B11 /* CountryInfoModel.swift */,
			);
			path = Entity;
			sourceTree = "<group>";
		};
		77C079BE2441BAC400AB4009 /* Presenter */ = {
			isa = PBXGroup;
			children = (
				77C079BF2441BAE000AB4009 /* MockPresenter.swift */,
			);
			path = Presenter;
			sourceTree = "<group>";
		};
		77E06B16243C59C700505CC6 /* Mocks */ = {
			isa = PBXGroup;
			children = (
				77C079BE2441BAC400AB4009 /* Presenter */,
				7753D00F243C6BDF000CF5E4 /* Components */,
				77E06B1A243C615000505CC6 /* Network */,
				77E06B19243C614A00505CC6 /* ViewControllers */,
			);
			path = Mocks;
			sourceTree = "<group>";
		};
		77E06B19243C614A00505CC6 /* ViewControllers */ = {
			isa = PBXGroup;
			children = (
				77E06B1B243C616300505CC6 /* MockCountryInfoViewController.swift */,
			);
			path = ViewControllers;
			sourceTree = "<group>";
		};
		77E06B1A243C615000505CC6 /* Network */ = {
			isa = PBXGroup;
			children = (
				77E06B17243C59D100505CC6 /* MockDataProvider.swift */,
			);
			path = Network;
			sourceTree = "<group>";
		};
		77EA52D5243B642E0075467B = {
			isa = PBXGroup;
			children = (
				77EA52E0243B642E0075467B /* ios-poc */,
				77EA52F7243B64300075467B /* ios-pocTests */,
				77EA52DF243B642E0075467B /* Products */,
				AAC87E65534518D2DAE9F6C0 /* Pods */,
				5F4F6F66717AD624F5B040E9 /* Frameworks */,
			);
			sourceTree = "<group>";
		};
		77EA52DF243B642E0075467B /* Products */ = {
			isa = PBXGroup;
			children = (
				77EA52DE243B642E0075467B /* iOS PoC.app */,
				77EA52F4243B64300075467B /* ios-pocTests.xctest */,
			);
			name = Products;
			sourceTree = "<group>";
		};
		77EA52E0243B642E0075467B /* ios-poc */ = {
			isa = PBXGroup;
			children = (
				77C079BA24407FA400AB4009 /* Entity */,
				772D7D8924407A0D00B6D611 /* Interactor */,
				772D7D842440790100B6D611 /* Presenter */,
				772D7D812440780500B6D611 /* Router */,
				7754AEAB243BE80300C56B11 /* Network */,
				7754AEA8243BE56E00C56B11 /* Components */,
				77EA5303243B676C0075467B /* ViewController */,
				77EA52E1243B642E0075467B /* AppDelegate.swift */,
				77EA52EA243B64300075467B /* Assets.xcassets */,
				77EA52EC243B64300075467B /* LaunchScreen.storyboard */,
				77EA52EF243B64300075467B /* Info.plist */,
			);
			path = "ios-poc";
			sourceTree = "<group>";
		};
		77EA52F7243B64300075467B /* ios-pocTests */ = {
			isa = PBXGroup;
			children = (
				77E06B16243C59C700505CC6 /* Mocks */,
				77E06B14243C590900505CC6 /* CountryInfoViewControllerTests.swift */,
				77C079C124430D1700AB4009 /* CountryInfoInteractorTests.swift */,
				77EA52FA243B64300075467B /* Info.plist */,
				7753D012243C6CF7000CF5E4 /* CustomTableViewCellTests.swift */,
			);
			path = "ios-pocTests";
			sourceTree = "<group>";
		};
		77EA5303243B676C0075467B /* ViewController */ = {
			isa = PBXGroup;
			children = (
				77EA5304243B677A0075467B /* CountryInfoViewController.swift */,
			);
			path = ViewController;
			sourceTree = "<group>";
		};
		AAC87E65534518D2DAE9F6C0 /* Pods */ = {
			isa = PBXGroup;
			children = (
				F341E59A98CDE714436B3A62 /* Pods-ios-poc.debug.xcconfig */,
				AD957439372F050836ACDB74 /* Pods-ios-poc.release.xcconfig */,
				8DE99063385130D2A5F3BA2B /* Pods-ios-pocTests.debug.xcconfig */,
				4EA6E8CEDD7D36C29F361232 /* Pods-ios-pocTests.release.xcconfig */,
			);
			path = Pods;
			sourceTree = "<group>";
		};
/* End PBXGroup section */

/* Begin PBXNativeTarget section */
		77EA52DD243B642E0075467B /* ios-poc */ = {
			isa = PBXNativeTarget;
			buildConfigurationList = 77EA52FD243B64300075467B /* Build configuration list for PBXNativeTarget "ios-poc" */;
			buildPhases = (
				BDD2C5C8F324D62DA2475855 /* [CP] Check Pods Manifest.lock */,
				77EA52DA243B642E0075467B /* Sources */,
				77EA52DB243B642E0075467B /* Frameworks */,
				77EA52DC243B642E0075467B /* Resources */,
				34B7E4ED91F64586C193D43F /* [CP] Embed Pods Frameworks */,
			);
			buildRules = (
			);
			dependencies = (
			);
			name = "ios-poc";
			productName = "ios-poc";
			productReference = 77EA52DE243B642E0075467B /* iOS PoC.app */;
			productType = "com.apple.product-type.application";
		};
		77EA52F3243B64300075467B /* ios-pocTests */ = {
			isa = PBXNativeTarget;
			buildConfigurationList = 77EA5300243B64300075467B /* Build configuration list for PBXNativeTarget "ios-pocTests" */;
			buildPhases = (
				54925308CE909BA2EDDAF014 /* [CP] Check Pods Manifest.lock */,
				77EA52F0243B64300075467B /* Sources */,
				77EA52F1243B64300075467B /* Frameworks */,
				77EA52F2243B64300075467B /* Resources */,
			);
			buildRules = (
			);
			dependencies = (
				77EA52F6243B64300075467B /* PBXTargetDependency */,
			);
			name = "ios-pocTests";
			productName = "ios-pocTests";
			productReference = 77EA52F4243B64300075467B /* ios-pocTests.xctest */;
			productType = "com.apple.product-type.bundle.unit-test";
		};
/* End PBXNativeTarget section */

/* Begin PBXProject section */
		77EA52D6243B642E0075467B /* Project object */ = {
			isa = PBXProject;
			attributes = {
				LastSwiftUpdateCheck = 1140;
				LastUpgradeCheck = 1140;
				ORGANIZATIONNAME = "Syed Khalil Ullah";
				TargetAttributes = {
					77EA52DD243B642E0075467B = {
						CreatedOnToolsVersion = 11.4;
					};
					77EA52F3243B64300075467B = {
						CreatedOnToolsVersion = 11.4;
						TestTargetID = 77EA52DD243B642E0075467B;
					};
				};
			};
			buildConfigurationList = 77EA52D9243B642E0075467B /* Build configuration list for PBXProject "ios-poc" */;
			compatibilityVersion = "Xcode 9.3";
			developmentRegion = en;
			hasScannedForEncodings = 0;
			knownRegions = (
				en,
				Base,
			);
			mainGroup = 77EA52D5243B642E0075467B;
			productRefGroup = 77EA52DF243B642E0075467B /* Products */;
			projectDirPath = "";
			projectRoot = "";
			targets = (
				77EA52DD243B642E0075467B /* ios-poc */,
				77EA52F3243B64300075467B /* ios-pocTests */,
			);
		};
/* End PBXProject section */

/* Begin PBXResourcesBuildPhase section */
		77EA52DC243B642E0075467B /* Resources */ = {
			isa = PBXResourcesBuildPhase;
			buildActionMask = 2147483647;
			files = (
				77EA52EE243B64300075467B /* LaunchScreen.storyboard in Resources */,
				77EA52EB243B64300075467B /* Assets.xcassets in Resources */,
			);
			runOnlyForDeploymentPostprocessing = 0;
		};
		77EA52F2243B64300075467B /* Resources */ = {
			isa = PBXResourcesBuildPhase;
			buildActionMask = 2147483647;
			files = (
			);
			runOnlyForDeploymentPostprocessing = 0;
		};
/* End PBXResourcesBuildPhase section */

/* Begin PBXShellScriptBuildPhase section */
		34B7E4ED91F64586C193D43F /* [CP] Embed Pods Frameworks */ = {
			isa = PBXShellScriptBuildPhase;
			buildActionMask = 2147483647;
			files = (
			);
			inputFileListPaths = (
				"${PODS_ROOT}/Target Support Files/Pods-ios-poc/Pods-ios-poc-frameworks-${CONFIGURATION}-input-files.xcfilelist",
			);
			name = "[CP] Embed Pods Frameworks";
			outputFileListPaths = (
				"${PODS_ROOT}/Target Support Files/Pods-ios-poc/Pods-ios-poc-frameworks-${CONFIGURATION}-output-files.xcfilelist",
			);
			runOnlyForDeploymentPostprocessing = 0;
			shellPath = /bin/sh;
			shellScript = "\"${PODS_ROOT}/Target Support Files/Pods-ios-poc/Pods-ios-poc-frameworks.sh\"\n";
			showEnvVarsInLog = 0;
		};
		54925308CE909BA2EDDAF014 /* [CP] Check Pods Manifest.lock */ = {
			isa = PBXShellScriptBuildPhase;
			buildActionMask = 2147483647;
			files = (
			);
			inputFileListPaths = (
			);
			inputPaths = (
				"${PODS_PODFILE_DIR_PATH}/Podfile.lock",
				"${PODS_ROOT}/Manifest.lock",
			);
			name = "[CP] Check Pods Manifest.lock";
			outputFileListPaths = (
			);
			outputPaths = (
				"$(DERIVED_FILE_DIR)/Pods-ios-pocTests-checkManifestLockResult.txt",
			);
			runOnlyForDeploymentPostprocessing = 0;
			shellPath = /bin/sh;
			shellScript = "diff \"${PODS_PODFILE_DIR_PATH}/Podfile.lock\" \"${PODS_ROOT}/Manifest.lock\" > /dev/null\nif [ $? != 0 ] ; then\n    # print error to STDERR\n    echo \"error: The sandbox is not in sync with the Podfile.lock. Run 'pod install' or update your CocoaPods installation.\" >&2\n    exit 1\nfi\n# This output is used by Xcode 'outputs' to avoid re-running this script phase.\necho \"SUCCESS\" > \"${SCRIPT_OUTPUT_FILE_0}\"\n";
			showEnvVarsInLog = 0;
		};
		BDD2C5C8F324D62DA2475855 /* [CP] Check Pods Manifest.lock */ = {
			isa = PBXShellScriptBuildPhase;
			buildActionMask = 2147483647;
			files = (
			);
			inputFileListPaths = (
			);
			inputPaths = (
				"${PODS_PODFILE_DIR_PATH}/Podfile.lock",
				"${PODS_ROOT}/Manifest.lock",
			);
			name = "[CP] Check Pods Manifest.lock";
			outputFileListPaths = (
			);
			outputPaths = (
				"$(DERIVED_FILE_DIR)/Pods-ios-poc-checkManifestLockResult.txt",
			);
			runOnlyForDeploymentPostprocessing = 0;
			shellPath = /bin/sh;
			shellScript = "diff \"${PODS_PODFILE_DIR_PATH}/Podfile.lock\" \"${PODS_ROOT}/Manifest.lock\" > /dev/null\nif [ $? != 0 ] ; then\n    # print error to STDERR\n    echo \"error: The sandbox is not in sync with the Podfile.lock. Run 'pod install' or update your CocoaPods installation.\" >&2\n    exit 1\nfi\n# This output is used by Xcode 'outputs' to avoid re-running this script phase.\necho \"SUCCESS\" > \"${SCRIPT_OUTPUT_FILE_0}\"\n";
			showEnvVarsInLog = 0;
		};
/* End PBXShellScriptBuildPhase section */

/* Begin PBXSourcesBuildPhase section */
		77EA52DA243B642E0075467B /* Sources */ = {
			isa = PBXSourcesBuildPhase;
			buildActionMask = 2147483647;
			files = (
				7754AEB6243C008A00C56B11 /* CountryInfoModel.swift in Sources */,
				7754AEAA243BE5B900C56B11 /* CustomTableViewCell.swift in Sources */,
				77EA5305243B677A0075467B /* CountryInfoViewController.swift in Sources */,
				7754AEB2243BFEDE00C56B11 /* DataProvider.swift in Sources */,
				77EA52E2243B642E0075467B /* AppDelegate.swift in Sources */,
				772D7D8B24407A1D00B6D611 /* CountryInfoInteractor.swift in Sources */,
				772D7D832440781700B6D611 /* CountryInfoRouter.swift in Sources */,
				77E06B13243C14D500505CC6 /* APIError.swift in Sources */,
				772D7D862440790C00B6D611 /* CountryInfoPresenter.swift in Sources */,
				7754AEAE243BE83100C56B11 /* CountryInfoItem.swift in Sources */,
				7754AEB4243C005A00C56B11 /* APIDataProvider.swift in Sources */,
			);
			runOnlyForDeploymentPostprocessing = 0;
		};
		77EA52F0243B64300075467B /* Sources */ = {
			isa = PBXSourcesBuildPhase;
			buildActionMask = 2147483647;
			files = (
				7753D013243C6CF7000CF5E4 /* CustomTableViewCellTests.swift in Sources */,
				7753D011243C6BEF000CF5E4 /* MockCustomTableViewCell.swift in Sources */,
				77C079C02441BAE000AB4009 /* MockPresenter.swift in Sources */,
				77E06B18243C59D100505CC6 /* MockDataProvider.swift in Sources */,
				77E06B15243C590900505CC6 /* CountryInfoViewControllerTests.swift in Sources */,
				77C079C224430D1700AB4009 /* CountryInfoInteractorTests.swift in Sources */,
				77E06B1C243C616300505CC6 /* MockCountryInfoViewController.swift in Sources */,
			);
			runOnlyForDeploymentPostprocessing = 0;
		};
/* End PBXSourcesBuildPhase section */

/* Begin PBXTargetDependency section */
		77EA52F6243B64300075467B /* PBXTargetDependency */ = {
			isa = PBXTargetDependency;
			target = 77EA52DD243B642E0075467B /* ios-poc */;
			targetProxy = 77EA52F5243B64300075467B /* PBXContainerItemProxy */;
		};
/* End PBXTargetDependency section */

/* Begin PBXVariantGroup section */
		77EA52EC243B64300075467B /* LaunchScreen.storyboard */ = {
			isa = PBXVariantGroup;
			children = (
				77EA52ED243B64300075467B /* Base */,
			);
			name = LaunchScreen.storyboard;
			sourceTree = "<group>";
		};
/* End PBXVariantGroup section */

/* Begin XCBuildConfiguration section */
		77EA52FB243B64300075467B /* Debug */ = {
			isa = XCBuildConfiguration;
			buildSettings = {
				ALWAYS_SEARCH_USER_PATHS = NO;
				CLANG_ANALYZER_NONNULL = YES;
				CLANG_ANALYZER_NUMBER_OBJECT_CONVERSION = YES_AGGRESSIVE;
				CLANG_CXX_LANGUAGE_STANDARD = "gnu++14";
				CLANG_CXX_LIBRARY = "libc++";
				CLANG_ENABLE_MODULES = YES;
				CLANG_ENABLE_OBJC_ARC = YES;
				CLANG_ENABLE_OBJC_WEAK = YES;
				CLANG_WARN_BLOCK_CAPTURE_AUTORELEASING = YES;
				CLANG_WARN_BOOL_CONVERSION = YES;
				CLANG_WARN_COMMA = YES;
				CLANG_WARN_CONSTANT_CONVERSION = YES;
				CLANG_WARN_DEPRECATED_OBJC_IMPLEMENTATIONS = YES;
				CLANG_WARN_DIRECT_OBJC_ISA_USAGE = YES_ERROR;
				CLANG_WARN_DOCUMENTATION_COMMENTS = YES;
				CLANG_WARN_EMPTY_BODY = YES;
				CLANG_WARN_ENUM_CONVERSION = YES;
				CLANG_WARN_INFINITE_RECURSION = YES;
				CLANG_WARN_INT_CONVERSION = YES;
				CLANG_WARN_NON_LITERAL_NULL_CONVERSION = YES;
				CLANG_WARN_OBJC_IMPLICIT_RETAIN_SELF = YES;
				CLANG_WARN_OBJC_LITERAL_CONVERSION = YES;
				CLANG_WARN_OBJC_ROOT_CLASS = YES_ERROR;
				CLANG_WARN_RANGE_LOOP_ANALYSIS = YES;
				CLANG_WARN_STRICT_PROTOTYPES = YES;
				CLANG_WARN_SUSPICIOUS_MOVE = YES;
				CLANG_WARN_UNGUARDED_AVAILABILITY = YES_AGGRESSIVE;
				CLANG_WARN_UNREACHABLE_CODE = YES;
				CLANG_WARN__DUPLICATE_METHOD_MATCH = YES;
				COPY_PHASE_STRIP = NO;
				DEBUG_INFORMATION_FORMAT = dwarf;
				ENABLE_STRICT_OBJC_MSGSEND = YES;
				ENABLE_TESTABILITY = YES;
				GCC_C_LANGUAGE_STANDARD = gnu11;
				GCC_DYNAMIC_NO_PIC = NO;
				GCC_NO_COMMON_BLOCKS = YES;
				GCC_OPTIMIZATION_LEVEL = 0;
				GCC_PREPROCESSOR_DEFINITIONS = (
					"DEBUG=1",
					"$(inherited)",
				);
				GCC_WARN_64_TO_32_BIT_CONVERSION = YES;
				GCC_WARN_ABOUT_RETURN_TYPE = YES_ERROR;
				GCC_WARN_UNDECLARED_SELECTOR = YES;
				GCC_WARN_UNINITIALIZED_AUTOS = YES_AGGRESSIVE;
				GCC_WARN_UNUSED_FUNCTION = YES;
				GCC_WARN_UNUSED_VARIABLE = YES;
				IPHONEOS_DEPLOYMENT_TARGET = 11.4;
				MTL_ENABLE_DEBUG_INFO = INCLUDE_SOURCE;
				MTL_FAST_MATH = YES;
				ONLY_ACTIVE_ARCH = YES;
				SDKROOT = iphoneos;
				SWIFT_ACTIVE_COMPILATION_CONDITIONS = DEBUG;
				SWIFT_OPTIMIZATION_LEVEL = "-Onone";
			};
			name = Debug;
		};
		77EA52FC243B64300075467B /* Release */ = {
			isa = XCBuildConfiguration;
			buildSettings = {
				ALWAYS_SEARCH_USER_PATHS = NO;
				CLANG_ANALYZER_NONNULL = YES;
				CLANG_ANALYZER_NUMBER_OBJECT_CONVERSION = YES_AGGRESSIVE;
				CLANG_CXX_LANGUAGE_STANDARD = "gnu++14";
				CLANG_CXX_LIBRARY = "libc++";
				CLANG_ENABLE_MODULES = YES;
				CLANG_ENABLE_OBJC_ARC = YES;
				CLANG_ENABLE_OBJC_WEAK = YES;
				CLANG_WARN_BLOCK_CAPTURE_AUTORELEASING = YES;
				CLANG_WARN_BOOL_CONVERSION = YES;
				CLANG_WARN_COMMA = YES;
				CLANG_WARN_CONSTANT_CONVERSION = YES;
				CLANG_WARN_DEPRECATED_OBJC_IMPLEMENTATIONS = YES;
				CLANG_WARN_DIRECT_OBJC_ISA_USAGE = YES_ERROR;
				CLANG_WARN_DOCUMENTATION_COMMENTS = YES;
				CLANG_WARN_EMPTY_BODY = YES;
				CLANG_WARN_ENUM_CONVERSION = YES;
				CLANG_WARN_INFINITE_RECURSION = YES;
				CLANG_WARN_INT_CONVERSION = YES;
				CLANG_WARN_NON_LITERAL_NULL_CONVERSION = YES;
				CLANG_WARN_OBJC_IMPLICIT_RETAIN_SELF = YES;
				CLANG_WARN_OBJC_LITERAL_CONVERSION = YES;
				CLANG_WARN_OBJC_ROOT_CLASS = YES_ERROR;
				CLANG_WARN_RANGE_LOOP_ANALYSIS = YES;
				CLANG_WARN_STRICT_PROTOTYPES = YES;
				CLANG_WARN_SUSPICIOUS_MOVE = YES;
				CLANG_WARN_UNGUARDED_AVAILABILITY = YES_AGGRESSIVE;
				CLANG_WARN_UNREACHABLE_CODE = YES;
				CLANG_WARN__DUPLICATE_METHOD_MATCH = YES;
				COPY_PHASE_STRIP = NO;
				DEBUG_INFORMATION_FORMAT = "dwarf-with-dsym";
				ENABLE_NS_ASSERTIONS = NO;
				ENABLE_STRICT_OBJC_MSGSEND = YES;
				GCC_C_LANGUAGE_STANDARD = gnu11;
				GCC_NO_COMMON_BLOCKS = YES;
				GCC_WARN_64_TO_32_BIT_CONVERSION = YES;
				GCC_WARN_ABOUT_RETURN_TYPE = YES_ERROR;
				GCC_WARN_UNDECLARED_SELECTOR = YES;
				GCC_WARN_UNINITIALIZED_AUTOS = YES_AGGRESSIVE;
				GCC_WARN_UNUSED_FUNCTION = YES;
				GCC_WARN_UNUSED_VARIABLE = YES;
				IPHONEOS_DEPLOYMENT_TARGET = 11.4;
				MTL_ENABLE_DEBUG_INFO = NO;
				MTL_FAST_MATH = YES;
				SDKROOT = iphoneos;
				SWIFT_COMPILATION_MODE = wholemodule;
				SWIFT_OPTIMIZATION_LEVEL = "-O";
				VALIDATE_PRODUCT = YES;
			};
			name = Release;
		};
		77EA52FE243B64300075467B /* Debug */ = {
			isa = XCBuildConfiguration;
			baseConfigurationReference = F341E59A98CDE714436B3A62 /* Pods-ios-poc.debug.xcconfig */;
			buildSettings = {
				ASSETCATALOG_COMPILER_APPICON_NAME = AppIcon;
				CODE_SIGN_STYLE = Automatic;
				INFOPLIST_FILE = "ios-poc/Info.plist";
				LD_RUNPATH_SEARCH_PATHS = (
					"$(inherited)",
					"@executable_path/Frameworks",
				);
				PRODUCT_BUNDLE_IDENTIFIER = "com.khalil.ios-poc";
				PRODUCT_NAME = "iOS PoC";
				SWIFT_VERSION = 5.0;
				TARGETED_DEVICE_FAMILY = "1,2";
			};
			name = Debug;
		};
		77EA52FF243B64300075467B /* Release */ = {
			isa = XCBuildConfiguration;
			baseConfigurationReference = AD957439372F050836ACDB74 /* Pods-ios-poc.release.xcconfig */;
			buildSettings = {
				ASSETCATALOG_COMPILER_APPICON_NAME = AppIcon;
				CODE_SIGN_STYLE = Automatic;
				INFOPLIST_FILE = "ios-poc/Info.plist";
				LD_RUNPATH_SEARCH_PATHS = (
					"$(inherited)",
					"@executable_path/Frameworks",
				);
				PRODUCT_BUNDLE_IDENTIFIER = "com.khalil.ios-poc";
				PRODUCT_NAME = "iOS PoC";
				SWIFT_VERSION = 5.0;
				TARGETED_DEVICE_FAMILY = "1,2";
			};
			name = Release;
		};
		77EA5301243B64300075467B /* Debug */ = {
			isa = XCBuildConfiguration;
			baseConfigurationReference = 8DE99063385130D2A5F3BA2B /* Pods-ios-pocTests.debug.xcconfig */;
			buildSettings = {
				ALWAYS_EMBED_SWIFT_STANDARD_LIBRARIES = YES;
				BUNDLE_LOADER = "$(TEST_HOST)";
				CODE_SIGN_STYLE = Automatic;
				INFOPLIST_FILE = "ios-pocTests/Info.plist";
				IPHONEOS_DEPLOYMENT_TARGET = 13.4;
				LD_RUNPATH_SEARCH_PATHS = (
					"$(inherited)",
					"@executable_path/Frameworks",
					"@loader_path/Frameworks",
				);
				PRODUCT_BUNDLE_IDENTIFIER = "com.khalil.ios-pocTests";
				PRODUCT_NAME = "$(TARGET_NAME)";
				SWIFT_VERSION = 5.0;
				TARGETED_DEVICE_FAMILY = "1,2";
				TEST_HOST = "$(BUILT_PRODUCTS_DIR)/iOS PoC.app/iOS PoC";
			};
			name = Debug;
		};
		77EA5302243B64300075467B /* Release */ = {
			isa = XCBuildConfiguration;
			baseConfigurationReference = 4EA6E8CEDD7D36C29F361232 /* Pods-ios-pocTests.release.xcconfig */;
			buildSettings = {
				ALWAYS_EMBED_SWIFT_STANDARD_LIBRARIES = YES;
				BUNDLE_LOADER = "$(TEST_HOST)";
				CODE_SIGN_STYLE = Automatic;
				INFOPLIST_FILE = "ios-pocTests/Info.plist";
				IPHONEOS_DEPLOYMENT_TARGET = 13.4;
				LD_RUNPATH_SEARCH_PATHS = (
					"$(inherited)",
					"@executable_path/Frameworks",
					"@loader_path/Frameworks",
				);
				PRODUCT_BUNDLE_IDENTIFIER = "com.khalil.ios-pocTests";
				PRODUCT_NAME = "$(TARGET_NAME)";
				SWIFT_VERSION = 5.0;
				TARGETED_DEVICE_FAMILY = "1,2";
				TEST_HOST = "$(BUILT_PRODUCTS_DIR)/iOS PoC.app/iOS PoC";
			};
			name = Release;
		};
/* End XCBuildConfiguration section */

/* Begin XCConfigurationList section */
		77EA52D9243B642E0075467B /* Build configuration list for PBXProject "ios-poc" */ = {
			isa = XCConfigurationList;
			buildConfigurations = (
				77EA52FB243B64300075467B /* Debug */,
				77EA52FC243B64300075467B /* Release */,
			);
			defaultConfigurationIsVisible = 0;
			defaultConfigurationName = Release;
		};
		77EA52FD243B64300075467B /* Build configuration list for PBXNativeTarget "ios-poc" */ = {
			isa = XCConfigurationList;
			buildConfigurations = (
				77EA52FE243B64300075467B /* Debug */,
				77EA52FF243B64300075467B /* Release */,
			);
			defaultConfigurationIsVisible = 0;
			defaultConfigurationName = Release;
		};
		77EA5300243B64300075467B /* Build configuration list for PBXNativeTarget "ios-pocTests" */ = {
			isa = XCConfigurationList;
			buildConfigurations = (
				77EA5301243B64300075467B /* Debug */,
				77EA5302243B64300075467B /* Release */,
			);
			defaultConfigurationIsVisible = 0;
			defaultConfigurationName = Release;
		};
/* End XCConfigurationList section */
	};
	rootObject = 77EA52D6243B642E0075467B /* Project object */;
}
